
Microsoft Visual Studio Solution File, Format Version 12.00
# Visual Studio Version 17
VisualStudioVersion = 17.6.33829.357
MinimumVisualStudioVersion = 10.0.40219.1
Project("{FAE04EC0-301F-11D3-BF4B-00C04F79EFBC}") = "PRAC2_2", "PRAC2_2\PRAC2_2.csproj", "{2EB6DD9E-5521-4B92-A69C-4956CCFB3CDD}"
EndProject
Global
	GlobalSection(SolutionConfigurationPlatforms) = preSolution
		Debug|Any CPU = Debug|Any CPU
		Release|Any CPU = Release|Any CPU
	EndGlobalSection
	GlobalSection(ProjectConfigurationPlatforms) = postSolution
		{2EB6DD9E-5521-4B92-A69C-4956CCFB3CDD}.Debug|Any CPU.ActiveCfg = Debug|Any CPU
		{2EB6DD9E-5521-4B92-A69C-4956CCFB3CDD}.Debug|Any CPU.Build.0 = Debug|Any CPU
		{2EB6DD9E-5521-4B92-A69C-4956CCFB3CDD}.Release|Any CPU.ActiveCfg = Release|Any CPU
		{2EB6DD9E-5521-4B92-A69C-4956CCFB3CDD}.Release|Any CPU.Build.0 = Release|Any CPU
	EndGlobalSection
	GlobalSection(SolutionProperties) = preSolution
		HideSolutionNode = FALSE
	EndGlobalSection
	GlobalSection(ExtensibilityGlobals) = postSolution
		SolutionGuid = {3CF3718B-5F7C-4954-BCE1-C54D445E373E}
	EndGlobalSection
EndGlobal
